// !$*UTF8*$!
{
	archiveVersion = 1;
	classes = {
	};
	objectVersion = 46;
	objects = {

/* Begin PBXBuildFile section */
		839496041C5851120041CA6C /* AppDelegate.swift in Sources */ = {isa = PBXBuildFile; fileRef = 839496031C5851120041CA6C /* AppDelegate.swift */; };
		839496061C5851120041CA6C /* ViewController.swift in Sources */ = {isa = PBXBuildFile; fileRef = 839496051C5851120041CA6C /* ViewController.swift */; };
		839496091C5851120041CA6C /* Main.storyboard in Resources */ = {isa = PBXBuildFile; fileRef = 839496071C5851120041CA6C /* Main.storyboard */; };
		8394960B1C5851120041CA6C /* Assets.xcassets in Resources */ = {isa = PBXBuildFile; fileRef = 8394960A1C5851120041CA6C /* Assets.xcassets */; };
		8394960E1C5851120041CA6C /* LaunchScreen.storyboard in Resources */ = {isa = PBXBuildFile; fileRef = 8394960C1C5851120041CA6C /* LaunchScreen.storyboard */; };
/* End PBXBuildFile section */

/* Begin PBXFileReference section */
		839496001C5851120041CA6C /* CKSButtonSlider.app */ = {isa = PBXFileReference; explicitFileType = wrapper.application; includeInIndex = 0; path = CKSButtonSlider.app; sourceTree = BUILT_PRODUCTS_DIR; };
		839496031C5851120041CA6C /* AppDelegate.swift */ = {isa = PBXFileReference; lastKnownFileType = sourcecode.swift; path = AppDelegate.swift; sourceTree = "<group>"; };
		839496051C5851120041CA6C /* ViewController.swift */ = {isa = PBXFileReference; lastKnownFileType = sourcecode.swift; path = ViewController.swift; sourceTree = "<group>"; };
		839496081C5851120041CA6C /* Base */ = {isa = PBXFileReference; lastKnownFileType = file.storyboard; name = Base; path = Base.lproj/Main.storyboard; sourceTree = "<group>"; };
		8394960A1C5851120041CA6C /* Assets.xcassets */ = {isa = PBXFileReference; lastKnownFileType = folder.assetcatalog; path = Assets.xcassets; sourceTree = "<group>"; };
		8394960D1C5851120041CA6C /* Base */ = {isa = PBXFileReference; lastKnownFileType = file.storyboard; name = Base; path = Base.lproj/LaunchScreen.storyboard; sourceTree = "<group>"; };
		8394960F1C5851120041CA6C /* Info.plist */ = {isa = PBXFileReference; lastKnownFileType = text.plist.xml; path = Info.plist; sourceTree = "<group>"; };
/* End PBXFileReference section */

/* Begin PBXFrameworksBuildPhase section */
		839495FD1C5851120041CA6C /* Frameworks */ = {
			isa = PBXFrameworksBuildPhase;
			buildActionMask = 2147483647;
			files = (
			);
			runOnlyForDeploymentPostprocessing = 0;
		};
/* End PBXFrameworksBuildPhase section */

/* Begin PBXGroup section */
		839495F71C5851120041CA6C = {
			isa = PBXGroup;
			children = (
				839496021C5851120041CA6C /* CKSButtonSlider */,
				839496011C5851120041CA6C /* Products */,
			);
			sourceTree = "<group>";
		};
		839496011C5851120041CA6C /* Products */ = {
			isa = PBXGroup;
			children = (
				839496001C5851120041CA6C /* CKSButtonSlider.app */,
			);
			name = Products;
			sourceTree = "<group>";
		};
		839496021C5851120041CA6C /* CKSButtonSlider */ = {
			isa = PBXGroup;
			children = (
				839496031C5851120041CA6C /* AppDelegate.swift */,
				839496051C5851120041CA6C /* ViewController.swift */,
				839496071C5851120041CA6C /* Main.storyboard */,
				8394960A1C5851120041CA6C /* Assets.xcassets */,
				8394960C1C5851120041CA6C /* LaunchScreen.storyboard */,
				8394960F1C5851120041CA6C /* Info.plist */,
			);
			path = CKSButtonSlider;
			sourceTree = "<group>";
		};
/* End PBXGroup section */

/* Begin PBXNativeTarget section */
		839495FF1C5851120041CA6C /* CKSButtonSlider */ = {
			isa = PBXNativeTarget;
			buildConfigurationList = 839496121C5851120041CA6C /* Build configuration list for PBXNativeTarget "CKSButtonSlider" */;
			buildPhases = (
				839495FC1C5851120041CA6C /* Sources */,
				839495FD1C5851120041CA6C /* Frameworks */,
				839495FE1C5851120041CA6C /* Resources */,
			);
			buildRules = (
			);
			dependencies = (
			);
			name = CKSButtonSlider;
			productName = CKSButtonSlider;
			productReference = 839496001C5851120041CA6C /* CKSButtonSlider.app */;
			productType = "com.apple.product-type.application";
		};
/* End PBXNativeTarget section */

/* Begin PBXProject section */
		839495F81C5851120041CA6C /* Project object */ = {
			isa = PBXProject;
			attributes = {
				LastSwiftUpdateCheck = 0720;
				LastUpgradeCheck = 0720;
				ORGANIZATIONNAME = CKSMedia;
				TargetAttributes = {
					839495FF1C5851120041CA6C = {
						CreatedOnToolsVersion = 7.2;
						DevelopmentTeam = DUMAG48RSK;
					};
				};
			};
			buildConfigurationList = 839495FB1C5851120041CA6C /* Build configuration list for PBXProject "CKSButtonSlider" */;
			compatibilityVersion = "Xcode 3.2";
			developmentRegion = English;
			hasScannedForEncodings = 0;
			knownRegions = (
				en,
				Base,
			);
			mainGroup = 839495F71C5851120041CA6C;
			productRefGroup = 839496011C5851120041CA6C /* Products */;
			projectDirPath = "";
			projectRoot = "";
			targets = (
				839495FF1C5851120041CA6C /* CKSButtonSlider */,
			);
		};
/* End PBXProject section */

/* Begin PBXResourcesBuildPhase section */
		839495FE1C5851120041CA6C /* Resources */ = {
			isa = PBXResourcesBuildPhase;
			buildActionMask = 2147483647;
			files = (
				8394960E1C5851120041CA6C /* LaunchScreen.storyboard in Resources */,
				8394960B1C5851120041CA6C /* Assets.xcassets in Resources */,
				839496091C5851120041CA6C /* Main.storyboard in Resources */,
			);
			runOnlyForDeploymentPostprocessing = 0;
		};
/* End PBXResourcesBuildPhase section */

/* Begin PBXSourcesBuildPhase section */
		839495FC1C5851120041CA6C /* Sources */ = {
			isa = PBXSourcesBuildPhase;
			buildActionMask = 2147483647;
			files = (
				839496061C5851120041CA6C /* ViewController.swift in Sources */,
				839496041C5851120041CA6C /* AppDelegate.swift in Sources */,
			);
			runOnlyForDeploymentPostprocessing = 0;
		};
/* End PBXSourcesBuildPhase section */

/* Begin PBXVariantGroup section */
		839496071C5851120041CA6C /* Main.storyboard */ = {
			isa = PBXVariantGroup;
			children = (
				839496081C5851120041CA6C /* Base */,
			);
			name = Main.storyboard;
			sourceTree = "<group>";
		};
		8394960C1C5851120041CA6C /* LaunchScreen.storyboard */ = {
			isa = PBXVariantGroup;
			children = (
				8394960D1C5851120041CA6C /* Base */,
			);
			name = LaunchScreen.storyboard;
			sourceTree = "<group>";
		};
/* End PBXVariantGroup section */

/* Begin XCBuildConfiguration section */
		839496101C5851120041CA6C /* Debug */ = {
			isa = XCBuildConfiguration;
			buildSettings = {
				ALWAYS_SEARCH_USER_PATHS = NO;
				CLANG_CXX_LANGUAGE_STANDARD = "gnu++0x";
				CLANG_CXX_LIBRARY = "libc++";
				CLANG_ENABLE_MODULES = YES;
				CLANG_ENABLE_OBJC_ARC = YES;
				CLANG_WARN_BOOL_CONVERSION = YES;
				CLANG_WARN_CONSTANT_CONVERSION = YES;
				CLANG_WARN_DIRECT_OBJC_ISA_USAGE = YES_ERROR;
				CLANG_WARN_EMPTY_BODY = YES;
				CLANG_WARN_ENUM_CONVERSION = YES;
				CLANG_WARN_INT_CONVERSION = YES;
				CLANG_WARN_OBJC_ROOT_CLASS = YES_ERROR;
				CLANG_WARN_UNREACHABLE_CODE = YES;
				CLANG_WARN__DUPLICATE_METHOD_MATCH = YES;
				"CODE_SIGN_IDENTITY[sdk=iphoneos*]" = "iPhone Developer";
				COPY_PHASE_STRIP = NO;
				DEBUG_INFORMATION_FORMAT = dwarf;
				ENABLE_STRICT_OBJC_MSGSEND = YES;
				ENABLE_TESTABILITY = YES;
				GCC_C_LANGUAGE_STANDARD = gnu99;
				GCC_DYNAMIC_NO_PIC = NO;
				GCC_NO_COMMON_BLOCKS = YES;
				GCC_OPTIMIZATION_LEVEL = 0;
				GCC_PREPROCESSOR_DEFINITIONS = (
					"DEBUG=1",
					"$(inherited)",
				);
				GCC_WARN_64_TO_32_BIT_CONVERSION = YES;
				GCC_WARN_ABOUT_RETURN_TYPE = YES_ERROR;
				GCC_WARN_UNDECLARED_SELECTOR = YES;
				GCC_WARN_UNINITIALIZED_AUTOS = YES_AGGRESSIVE;
				GCC_WARN_UNUSED_FUNCTION = YES;
				GCC_WARN_UNUSED_VARIABLE = YES;
				IPHONEOS_DEPLOYMENT_TARGET = 9.2;
				MTL_ENABLE_DEBUG_INFO = YES;
				ONLY_ACTIVE_ARCH = YES;
				SDKROOT = iphoneos;
				SWIFT_OPTIMIZATION_LEVEL = "-Onone";
				TARGETED_DEVICE_FAMILY = "1,2";
			};
			name = Debug;
		};
		839496111C5851120041CA6C /* Release */ = {
			isa = XCBuildConfiguration;
			buildSettings = {
				ALWAYS_SEARCH_USER_PATHS = NO;
				CLANG_CXX_LANGUAGE_STANDARD = "gnu++0x";
				CLANG_CXX_LIBRARY = "libc++";
				CLANG_ENABLE_MODULES = YES;
				CLANG_ENABLE_OBJC_ARC = YES;
				CLANG_WARN_BOOL_CONVERSION = YES;
				CLANG_WARN_CONSTANT_CONVERSION = YES;
				CLANG_WARN_DIRECT_OBJC_ISA_USAGE = YES_ERROR;
				CLANG_WARN_EMPTY_BODY = YES;
				CLANG_WARN_ENUM_CONVERSION = YES;
				CLANG_WARN_INT_CONVERSION = YES;
				CLANG_WARN_OBJC_ROOT_CLASS = YES_ERROR;
				CLANG_WARN_UNREACHABLE_CODE = YES;
				CLANG_WARN__DUPLICATE_METHOD_MATCH = YES;
				"CODE_SIGN_IDENTITY[sdk=iphoneos*]" = "iPhone Developer";
				COPY_PHASE_STRIP = NO;
				DEBUG_INFORMATION_FORMAT = "dwarf-with-dsym";
				ENABLE_NS_ASSERTIONS = NO;
				ENABLE_STRICT_OBJC_MSGSEND = YES;
				GCC_C_LANGUAGE_STANDARD = gnu99;
				GCC_NO_COMMON_BLOCKS = YES;
				GCC_WARN_64_TO_32_BIT_CONVERSION = YES;
				GCC_WARN_ABOUT_RETURN_TYPE = YES_ERROR;
				GCC_WARN_UNDECLARED_SELECTOR = YES;
				GCC_WARN_UNINITIALIZED_AUTOS = YES_AGGRESSIVE;
				GCC_WARN_UNUSED_FUNCTION = YES;
				GCC_WARN_UNUSED_VARIABLE = YES;
				IPHONEOS_DEPLOYMENT_TARGET = 9.2;
				MTL_ENABLE_DEBUG_INFO = NO;
				SDKROOT = iphoneos;
				TARGETED_DEVICE_FAMILY = "1,2";
				VALIDATE_PRODUCT = YES;
			};
			name = Release;
		};
		839496131C5851120041CA6C /* Debug */ = {
			isa = XCBuildConfiguration;
			buildSettings = {
				ASSETCATALOG_COMPILER_APPICON_NAME = AppIcon;
				INFOPLIST_FILE = CKSButtonSlider/Info.plist;
				LD_RUNPATH_SEARCH_PATHS = "$(inherited) @executable_path/Frameworks";
				PRODUCT_BUNDLE_IDENTIFIER = com.cks.media.CKSButtonSlider;
				PRODUCT_NAME = "$(TARGET_NAME)";
			};
			name = Debug;
		};
		839496141C5851120041CA6C /* Release */ = {
			isa = XCBuildConfiguration;
			buildSettings = {
				ASSETCATALOG_COMPILER_APPICON_NAME = AppIcon;
				INFOPLIST_FILE = CKSButtonSlider/Info.plist;
				LD_RUNPATH_SEARCH_PATHS = "$(inherited) @executable_path/Frameworks";
				PRODUCT_BUNDLE_IDENTIFIER = com.cks.media.CKSButtonSlider;
				PRODUCT_NAME = "$(TARGET_NAME)";
			};
			name = Release;
		};
/* End XCBuildConfiguration section */

/* Begin XCConfigurationList section */
		839495FB1C5851120041CA6C /* Build configuration list for PBXProject "CKSButtonSlider" */ = {
			isa = XCConfigurationList;
			buildConfigurations = (
				839496101C5851120041CA6C /* Debug */,
				839496111C5851120041CA6C /* Release */,
			);
			defaultConfigurationIsVisible = 0;
			defaultConfigurationName = Release;
		};
		839496121C5851120041CA6C /* Build configuration list for PBXNativeTarget "CKSButtonSlider" */ = {
			isa = XCConfigurationList;
			buildConfigurations = (
				839496131C5851120041CA6C /* Debug */,
				839496141C5851120041CA6C /* Release */,
			);
			defaultConfigurationIsVisible = 0;
		};
/* End XCConfigurationList section */
	};
	rootObject = 839495F81C5851120041CA6C /* Project object */;
}
